
Microsoft Visual Studio Solution File, Format Version 12.00
Project("{FAE04EC0-301F-11D3-BF4B-00C04F79EFBC}") = "csharp_lang_study", "csharp_lang_study\csharp_lang_study.csproj", "{70D4763F-F2D6-4FAD-B127-03F09F6CBBAD}"
EndProject
Global
	GlobalSection(SolutionConfigurationPlatforms) = preSolution
		Debug|Any CPU = Debug|Any CPU
		Release|Any CPU = Release|Any CPU
	EndGlobalSection
	GlobalSection(ProjectConfigurationPlatforms) = postSolution
		{70D4763F-F2D6-4FAD-B127-03F09F6CBBAD}.Debug|Any CPU.ActiveCfg = Debug|Any CPU
		{70D4763F-F2D6-4FAD-B127-03F09F6CBBAD}.Debug|Any CPU.Build.0 = Debug|Any CPU
		{70D4763F-F2D6-4FAD-B127-03F09F6CBBAD}.Release|Any CPU.ActiveCfg = Release|Any CPU
		{70D4763F-F2D6-4FAD-B127-03F09F6CBBAD}.Release|Any CPU.Build.0 = Release|Any CPU
	EndGlobalSection
EndGlobal
